// !$*UTF8*$!
{
	archiveVersion = 1;
	classes = {
	};
	objectVersion = 56;
	objects = {

/* Begin PBXBuildFile section */
		3C9C69602CC0DEC4005E0428 /* AnalysisView.swift in Sources */ = {isa = PBXBuildFile; fileRef = 3C9C695F2CC0DEC4005E0428 /* AnalysisView.swift */; };
		3C9C69642CC32ECE005E0428 /* ExerciseAnalyzerView.swift in Sources */ = {isa = PBXBuildFile; fileRef = 3C9C69632CC32ECE005E0428 /* ExerciseAnalyzerView.swift */; };
		3C9C69662CC33057005E0428 /* FitnessTrackerView.swift in Sources */ = {isa = PBXBuildFile; fileRef = 3C9C69652CC33057005E0428 /* FitnessTrackerView.swift */; };
		3C9C69682CC468E4005E0428 /* NutritionAnalyzerView.swift in Sources */ = {isa = PBXBuildFile; fileRef = 3C9C69672CC468E4005E0428 /* NutritionAnalyzerView.swift */; };
		3CD6C6522CB7294D0046BAE0 /* AppDelegate.swift in Sources */ = {isa = PBXBuildFile; fileRef = 3CD6C6512CB7294D0046BAE0 /* AppDelegate.swift */; };
		3CD6C6542CB7294D0046BAE0 /* SceneDelegate.swift in Sources */ = {isa = PBXBuildFile; fileRef = 3CD6C6532CB7294D0046BAE0 /* SceneDelegate.swift */; };
		3CD6C6562CB7294D0046BAE0 /* ViewController.swift in Sources */ = {isa = PBXBuildFile; fileRef = 3CD6C6552CB7294D0046BAE0 /* ViewController.swift */; };
		3CD6C6592CB7294D0046BAE0 /* Base in Resources */ = {isa = PBXBuildFile; fileRef = 3CD6C6582CB7294D0046BAE0 /* Base */; };
		3CD6C65B2CB729500046BAE0 /* Assets.xcassets in Resources */ = {isa = PBXBuildFile; fileRef = 3CD6C65A2CB729500046BAE0 /* Assets.xcassets */; };
		3CD6C65E2CB729500046BAE0 /* Base in Resources */ = {isa = PBXBuildFile; fileRef = 3CD6C65D2CB729500046BAE0 /* Base */; };
		3CD6C6662CB729B20046BAE0 /* ImagePicker.swift in Sources */ = {isa = PBXBuildFile; fileRef = 3CD6C6652CB729B20046BAE0 /* ImagePicker.swift */; };
		3CD6C66A2CB72A160046BAE0 /* UIImageExtensions.swift in Sources */ = {isa = PBXBuildFile; fileRef = 3CD6C6692CB72A160046BAE0 /* UIImageExtensions.swift */; };
		3CD6C66C2CB72A380046BAE0 /* PhotoCaptureView.swift in Sources */ = {isa = PBXBuildFile; fileRef = 3CD6C66B2CB72A380046BAE0 /* PhotoCaptureView.swift */; };
		3CD6C66E2CB72A600046BAE0 /* ResultView.swift in Sources */ = {isa = PBXBuildFile; fileRef = 3CD6C66D2CB72A600046BAE0 /* ResultView.swift */; };
		3CD6C6702CB72A9F0046BAE0 /* SplashScreenView.swift in Sources */ = {isa = PBXBuildFile; fileRef = 3CD6C66F2CB72A9F0046BAE0 /* SplashScreenView.swift */; };
		3CD6C6722CB72AB20046BAE0 /* LoginView.swift in Sources */ = {isa = PBXBuildFile; fileRef = 3CD6C6712CB72AB20046BAE0 /* LoginView.swift */; };
		3CD6C6762CB72DFF0046BAE0 /* HealthFormView.swift in Sources */ = {isa = PBXBuildFile; fileRef = 3CD6C6752CB72DFF0046BAE0 /* HealthFormView.swift */; };
		3CD6C6782CB72E130046BAE0 /* OptionsView.swift in Sources */ = {isa = PBXBuildFile; fileRef = 3CD6C6772CB72E130046BAE0 /* OptionsView.swift */; };
		8BE08F592CC1E32500843376 /* MealScanView.swift in Sources */ = {isa = PBXBuildFile; fileRef = 8BE08F582CC1E32500843376 /* MealScanView.swift */; };
		8BE08F5D2CC1F2DC00843376 /* mealscan.mlmodel in Sources */ = {isa = PBXBuildFile; fileRef = 8BE08F5C2CC1F2DC00843376 /* mealscan.mlmodel */; };
		8BE08F5F2CC3256400843376 /* ViewModifiers.swift in Sources */ = {isa = PBXBuildFile; fileRef = 8BE08F5E2CC3256400843376 /* ViewModifiers.swift */; };
/* End PBXBuildFile section */

/* Begin PBXFileReference section */
		3C9C695F2CC0DEC4005E0428 /* AnalysisView.swift */ = {isa = PBXFileReference; lastKnownFileType = sourcecode.swift; path = AnalysisView.swift; sourceTree = "<group>"; };
		3C9C69632CC32ECE005E0428 /* ExerciseAnalyzerView.swift */ = {isa = PBXFileReference; lastKnownFileType = sourcecode.swift; path = ExerciseAnalyzerView.swift; sourceTree = "<group>"; };
		3C9C69652CC33057005E0428 /* FitnessTrackerView.swift */ = {isa = PBXFileReference; lastKnownFileType = sourcecode.swift; path = FitnessTrackerView.swift; sourceTree = "<group>"; };
		3C9C69672CC468E4005E0428 /* NutritionAnalyzerView.swift */ = {isa = PBXFileReference; lastKnownFileType = sourcecode.swift; path = NutritionAnalyzerView.swift; sourceTree = "<group>"; };
		3CD6C64E2CB7294D0046BAE0 /* HealthTracker.app */ = {isa = PBXFileReference; explicitFileType = wrapper.application; includeInIndex = 0; path = HealthTracker.app; sourceTree = BUILT_PRODUCTS_DIR; };
		3CD6C6512CB7294D0046BAE0 /* AppDelegate.swift */ = {isa = PBXFileReference; lastKnownFileType = sourcecode.swift; path = AppDelegate.swift; sourceTree = "<group>"; };
		3CD6C6532CB7294D0046BAE0 /* SceneDelegate.swift */ = {isa = PBXFileReference; lastKnownFileType = sourcecode.swift; path = SceneDelegate.swift; sourceTree = "<group>"; };
		3CD6C6552CB7294D0046BAE0 /* ViewController.swift */ = {isa = PBXFileReference; lastKnownFileType = sourcecode.swift; path = ViewController.swift; sourceTree = "<group>"; };
		3CD6C6582CB7294D0046BAE0 /* Base */ = {isa = PBXFileReference; lastKnownFileType = file.storyboard; name = Base; path = Base.lproj/Main.storyboard; sourceTree = "<group>"; };
		3CD6C65A2CB729500046BAE0 /* Assets.xcassets */ = {isa = PBXFileReference; lastKnownFileType = folder.assetcatalog; path = Assets.xcassets; sourceTree = "<group>"; };
		3CD6C65D2CB729500046BAE0 /* Base */ = {isa = PBXFileReference; lastKnownFileType = file.storyboard; name = Base; path = Base.lproj/LaunchScreen.storyboard; sourceTree = "<group>"; };
		3CD6C65F2CB729500046BAE0 /* Info.plist */ = {isa = PBXFileReference; lastKnownFileType = text.plist.xml; path = Info.plist; sourceTree = "<group>"; };
		3CD6C6652CB729B20046BAE0 /* ImagePicker.swift */ = {isa = PBXFileReference; lastKnownFileType = sourcecode.swift; path = ImagePicker.swift; sourceTree = "<group>"; };
		3CD6C6692CB72A160046BAE0 /* UIImageExtensions.swift */ = {isa = PBXFileReference; lastKnownFileType = sourcecode.swift; path = UIImageExtensions.swift; sourceTree = "<group>"; };
		3CD6C66B2CB72A380046BAE0 /* PhotoCaptureView.swift */ = {isa = PBXFileReference; lastKnownFileType = sourcecode.swift; path = PhotoCaptureView.swift; sourceTree = "<group>"; };
		3CD6C66D2CB72A600046BAE0 /* ResultView.swift */ = {isa = PBXFileReference; lastKnownFileType = sourcecode.swift; path = ResultView.swift; sourceTree = "<group>"; };
		3CD6C66F2CB72A9F0046BAE0 /* SplashScreenView.swift */ = {isa = PBXFileReference; lastKnownFileType = sourcecode.swift; path = SplashScreenView.swift; sourceTree = "<group>"; };
		3CD6C6712CB72AB20046BAE0 /* LoginView.swift */ = {isa = PBXFileReference; lastKnownFileType = sourcecode.swift; path = LoginView.swift; sourceTree = "<group>"; };
		3CD6C6752CB72DFF0046BAE0 /* HealthFormView.swift */ = {isa = PBXFileReference; lastKnownFileType = sourcecode.swift; path = HealthFormView.swift; sourceTree = "<group>"; };
		3CD6C6772CB72E130046BAE0 /* OptionsView.swift */ = {isa = PBXFileReference; lastKnownFileType = sourcecode.swift; path = OptionsView.swift; sourceTree = "<group>"; };
		8BE08F582CC1E32500843376 /* MealScanView.swift */ = {isa = PBXFileReference; lastKnownFileType = sourcecode.swift; path = MealScanView.swift; sourceTree = "<group>"; };
		8BE08F5C2CC1F2DC00843376 /* mealscan.mlmodel */ = {isa = PBXFileReference; lastKnownFileType = file.mlmodel; path = mealscan.mlmodel; sourceTree = "<group>"; };
		8BE08F5E2CC3256400843376 /* ViewModifiers.swift */ = {isa = PBXFileReference; lastKnownFileType = sourcecode.swift; path = ViewModifiers.swift; sourceTree = "<group>"; };
/* End PBXFileReference section */

/* Begin PBXFrameworksBuildPhase section */
		3CD6C64B2CB7294D0046BAE0 /* Frameworks */ = {
			isa = PBXFrameworksBuildPhase;
			buildActionMask = 2147483647;
			files = (
			);
			runOnlyForDeploymentPostprocessing = 0;
		};
/* End PBXFrameworksBuildPhase section */

/* Begin PBXGroup section */
		3CD6C6452CB7294D0046BAE0 = {
			isa = PBXGroup;
			children = (
				3CD6C6502CB7294D0046BAE0 /* HealthTracker */,
				3CD6C64F2CB7294D0046BAE0 /* Products */,
			);
			sourceTree = "<group>";
		};
		3CD6C64F2CB7294D0046BAE0 /* Products */ = {
			isa = PBXGroup;
			children = (
				3CD6C64E2CB7294D0046BAE0 /* HealthTracker.app */,
			);
			name = Products;
			sourceTree = "<group>";
		};
		3CD6C6502CB7294D0046BAE0 /* HealthTracker */ = {
			isa = PBXGroup;
			children = (
				3CD6C6512CB7294D0046BAE0 /* AppDelegate.swift */,
				3CD6C6752CB72DFF0046BAE0 /* HealthFormView.swift */,
				3C9C69632CC32ECE005E0428 /* ExerciseAnalyzerView.swift */,
				3C9C69672CC468E4005E0428 /* NutritionAnalyzerView.swift */,
				3CD6C6772CB72E130046BAE0 /* OptionsView.swift */,
				3C9C695F2CC0DEC4005E0428 /* AnalysisView.swift */,
				3CD6C6692CB72A160046BAE0 /* UIImageExtensions.swift */,
				3C9C69652CC33057005E0428 /* FitnessTrackerView.swift */,
				3CD6C6532CB7294D0046BAE0 /* SceneDelegate.swift */,
				3CD6C66F2CB72A9F0046BAE0 /* SplashScreenView.swift */,
				8BE08F5E2CC3256400843376 /* ViewModifiers.swift */,
				3CD6C66B2CB72A380046BAE0 /* PhotoCaptureView.swift */,
				3CD6C6712CB72AB20046BAE0 /* LoginView.swift */,
				3CD6C6652CB729B20046BAE0 /* ImagePicker.swift */,
				3CD6C6552CB7294D0046BAE0 /* ViewController.swift */,
				3CD6C66D2CB72A600046BAE0 /* ResultView.swift */,
				8BE08F582CC1E32500843376 /* MealScanView.swift */,
				3CD6C6572CB7294D0046BAE0 /* Main.storyboard */,
				3CD6C65A2CB729500046BAE0 /* Assets.xcassets */,
				3CD6C65C2CB729500046BAE0 /* LaunchScreen.storyboard */,
				3CD6C65F2CB729500046BAE0 /* Info.plist */,
				8BE08F5C2CC1F2DC00843376 /* mealscan.mlmodel */,
			);
			path = HealthTracker;
			sourceTree = "<group>";
		};
/* End PBXGroup section */

/* Begin PBXNativeTarget section */
		3CD6C64D2CB7294D0046BAE0 /* HealthTracker */ = {
			isa = PBXNativeTarget;
			buildConfigurationList = 3CD6C6622CB729500046BAE0 /* Build configuration list for PBXNativeTarget "HealthTracker" */;
			buildPhases = (
				3CD6C64A2CB7294D0046BAE0 /* Sources */,
				3CD6C64B2CB7294D0046BAE0 /* Frameworks */,
				3CD6C64C2CB7294D0046BAE0 /* Resources */,
			);
			buildRules = (
			);
			dependencies = (
			);
			name = HealthTracker;
			productName = HealthTracker;
			productReference = 3CD6C64E2CB7294D0046BAE0 /* HealthTracker.app */;
			productType = "com.apple.product-type.application";
		};
/* End PBXNativeTarget section */

/* Begin PBXProject section */
		3CD6C6462CB7294D0046BAE0 /* Project object */ = {
			isa = PBXProject;
			attributes = {
				BuildIndependentTargetsInParallel = 1;
				LastSwiftUpdateCheck = 1540;
				LastUpgradeCheck = 1540;
				TargetAttributes = {
					3CD6C64D2CB7294D0046BAE0 = {
						CreatedOnToolsVersion = 15.4;
					};
				};
			};
			buildConfigurationList = 3CD6C6492CB7294D0046BAE0 /* Build configuration list for PBXProject "HealthTracker" */;
			compatibilityVersion = "Xcode 14.0";
			developmentRegion = en;
			hasScannedForEncodings = 0;
			knownRegions = (
				en,
				Base,
			);
			mainGroup = 3CD6C6452CB7294D0046BAE0;
			productRefGroup = 3CD6C64F2CB7294D0046BAE0 /* Products */;
			projectDirPath = "";
			projectRoot = "";
			targets = (
				3CD6C64D2CB7294D0046BAE0 /* HealthTracker */,
			);
		};
/* End PBXProject section */

/* Begin PBXResourcesBuildPhase section */
		3CD6C64C2CB7294D0046BAE0 /* Resources */ = {
			isa = PBXResourcesBuildPhase;
			buildActionMask = 2147483647;
			files = (
				3CD6C65B2CB729500046BAE0 /* Assets.xcassets in Resources */,
				3CD6C65E2CB729500046BAE0 /* Base in Resources */,
				3CD6C6592CB7294D0046BAE0 /* Base in Resources */,
			);
			runOnlyForDeploymentPostprocessing = 0;
		};
/* End PBXResourcesBuildPhase section */

/* Begin PBXSourcesBuildPhase section */
		3CD6C64A2CB7294D0046BAE0 /* Sources */ = {
			isa = PBXSourcesBuildPhase;
			buildActionMask = 2147483647;
			files = (
				3CD6C6562CB7294D0046BAE0 /* ViewController.swift in Sources */,
				3CD6C6662CB729B20046BAE0 /* ImagePicker.swift in Sources */,
				3CD6C6702CB72A9F0046BAE0 /* SplashScreenView.swift in Sources */,
				3CD6C66C2CB72A380046BAE0 /* PhotoCaptureView.swift in Sources */,
				3C9C69642CC32ECE005E0428 /* ExerciseAnalyzerView.swift in Sources */,
				8BE08F5F2CC3256400843376 /* ViewModifiers.swift in Sources */,
				3CD6C66A2CB72A160046BAE0 /* UIImageExtensions.swift in Sources */,
				3C9C69662CC33057005E0428 /* FitnessTrackerView.swift in Sources */,
				3CD6C66E2CB72A600046BAE0 /* ResultView.swift in Sources */,
				3C9C69682CC468E4005E0428 /* NutritionAnalyzerView.swift in Sources */,
				3C9C69602CC0DEC4005E0428 /* AnalysisView.swift in Sources */,
				3CD6C6782CB72E130046BAE0 /* OptionsView.swift in Sources */,
				3CD6C6762CB72DFF0046BAE0 /* HealthFormView.swift in Sources */,
				8BE08F592CC1E32500843376 /* MealScanView.swift in Sources */,
				8BE08F5D2CC1F2DC00843376 /* mealscan.mlmodel in Sources */,
				3CD6C6522CB7294D0046BAE0 /* AppDelegate.swift in Sources */,
				3CD6C6722CB72AB20046BAE0 /* LoginView.swift in Sources */,
				3CD6C6542CB7294D0046BAE0 /* SceneDelegate.swift in Sources */,
			);
			runOnlyForDeploymentPostprocessing = 0;
		};
/* End PBXSourcesBuildPhase section */

/* Begin PBXVariantGroup section */
		3CD6C6572CB7294D0046BAE0 /* Main.storyboard */ = {
			isa = PBXVariantGroup;
			children = (
				3CD6C6582CB7294D0046BAE0 /* Base */,
			);
			name = Main.storyboard;
			sourceTree = "<group>";
		};
		3CD6C65C2CB729500046BAE0 /* LaunchScreen.storyboard */ = {
			isa = PBXVariantGroup;
			children = (
				3CD6C65D2CB729500046BAE0 /* Base */,
			);
			name = LaunchScreen.storyboard;
			sourceTree = "<group>";
		};
/* End PBXVariantGroup section */

/* Begin XCBuildConfiguration section */
		3CD6C6602CB729500046BAE0 /* Debug */ = {
			isa = XCBuildConfiguration;
			buildSettings = {
				ALWAYS_SEARCH_USER_PATHS = NO;
				ASSETCATALOG_COMPILER_GENERATE_SWIFT_ASSET_SYMBOL_EXTENSIONS = YES;
				CLANG_ANALYZER_NONNULL = YES;
				CLANG_ANALYZER_NUMBER_OBJECT_CONVERSION = YES_AGGRESSIVE;
				CLANG_CXX_LANGUAGE_STANDARD = "gnu++20";
				CLANG_ENABLE_MODULES = YES;
				CLANG_ENABLE_OBJC_ARC = YES;
				CLANG_ENABLE_OBJC_WEAK = YES;
				CLANG_WARN_BLOCK_CAPTURE_AUTORELEASING = YES;
				CLANG_WARN_BOOL_CONVERSION = YES;
				CLANG_WARN_COMMA = YES;
				CLANG_WARN_CONSTANT_CONVERSION = YES;
				CLANG_WARN_DEPRECATED_OBJC_IMPLEMENTATIONS = YES;
				CLANG_WARN_DIRECT_OBJC_ISA_USAGE = YES_ERROR;
				CLANG_WARN_DOCUMENTATION_COMMENTS = YES;
				CLANG_WARN_EMPTY_BODY = YES;
				CLANG_WARN_ENUM_CONVERSION = YES;
				CLANG_WARN_INFINITE_RECURSION = YES;
				CLANG_WARN_INT_CONVERSION = YES;
				CLANG_WARN_NON_LITERAL_NULL_CONVERSION = YES;
				CLANG_WARN_OBJC_IMPLICIT_RETAIN_SELF = YES;
				CLANG_WARN_OBJC_LITERAL_CONVERSION = YES;
				CLANG_WARN_OBJC_ROOT_CLASS = YES_ERROR;
				CLANG_WARN_QUOTED_INCLUDE_IN_FRAMEWORK_HEADER = YES;
				CLANG_WARN_RANGE_LOOP_ANALYSIS = YES;
				CLANG_WARN_STRICT_PROTOTYPES = YES;
				CLANG_WARN_SUSPICIOUS_MOVE = YES;
				CLANG_WARN_UNGUARDED_AVAILABILITY = YES_AGGRESSIVE;
				CLANG_WARN_UNREACHABLE_CODE = YES;
				CLANG_WARN__DUPLICATE_METHOD_MATCH = YES;
				COPY_PHASE_STRIP = NO;
				DEBUG_INFORMATION_FORMAT = dwarf;
				ENABLE_STRICT_OBJC_MSGSEND = YES;
				ENABLE_TESTABILITY = YES;
				ENABLE_USER_SCRIPT_SANDBOXING = YES;
				GCC_C_LANGUAGE_STANDARD = gnu17;
				GCC_DYNAMIC_NO_PIC = NO;
				GCC_NO_COMMON_BLOCKS = YES;
				GCC_OPTIMIZATION_LEVEL = 0;
				GCC_PREPROCESSOR_DEFINITIONS = (
					"DEBUG=1",
					"$(inherited)",
				);
				GCC_WARN_64_TO_32_BIT_CONVERSION = YES;
				GCC_WARN_ABOUT_RETURN_TYPE = YES_ERROR;
				GCC_WARN_UNDECLARED_SELECTOR = YES;
				GCC_WARN_UNINITIALIZED_AUTOS = YES_AGGRESSIVE;
				GCC_WARN_UNUSED_FUNCTION = YES;
				GCC_WARN_UNUSED_VARIABLE = YES;
				IPHONEOS_DEPLOYMENT_TARGET = 17.5;
				LOCALIZATION_PREFERS_STRING_CATALOGS = YES;
				MTL_ENABLE_DEBUG_INFO = INCLUDE_SOURCE;
				MTL_FAST_MATH = YES;
				ONLY_ACTIVE_ARCH = YES;
				SDKROOT = iphoneos;
				SWIFT_ACTIVE_COMPILATION_CONDITIONS = "DEBUG $(inherited)";
				SWIFT_OPTIMIZATION_LEVEL = "-Onone";
			};
			name = Debug;
		};
		3CD6C6612CB729500046BAE0 /* Release */ = {
			isa = XCBuildConfiguration;
			buildSettings = {
				ALWAYS_SEARCH_USER_PATHS = NO;
				ASSETCATALOG_COMPILER_GENERATE_SWIFT_ASSET_SYMBOL_EXTENSIONS = YES;
				CLANG_ANALYZER_NONNULL = YES;
				CLANG_ANALYZER_NUMBER_OBJECT_CONVERSION = YES_AGGRESSIVE;
				CLANG_CXX_LANGUAGE_STANDARD = "gnu++20";
				CLANG_ENABLE_MODULES = YES;
				CLANG_ENABLE_OBJC_ARC = YES;
				CLANG_ENABLE_OBJC_WEAK = YES;
				CLANG_WARN_BLOCK_CAPTURE_AUTORELEASING = YES;
				CLANG_WARN_BOOL_CONVERSION = YES;
				CLANG_WARN_COMMA = YES;
				CLANG_WARN_CONSTANT_CONVERSION = YES;
				CLANG_WARN_DEPRECATED_OBJC_IMPLEMENTATIONS = YES;
				CLANG_WARN_DIRECT_OBJC_ISA_USAGE = YES_ERROR;
				CLANG_WARN_DOCUMENTATION_COMMENTS = YES;
				CLANG_WARN_EMPTY_BODY = YES;
				CLANG_WARN_ENUM_CONVERSION = YES;
				CLANG_WARN_INFINITE_RECURSION = YES;
				CLANG_WARN_INT_CONVERSION = YES;
				CLANG_WARN_NON_LITERAL_NULL_CONVERSION = YES;
				CLANG_WARN_OBJC_IMPLICIT_RETAIN_SELF = YES;
				CLANG_WARN_OBJC_LITERAL_CONVERSION = YES;
				CLANG_WARN_OBJC_ROOT_CLASS = YES_ERROR;
				CLANG_WARN_QUOTED_INCLUDE_IN_FRAMEWORK_HEADER = YES;
				CLANG_WARN_RANGE_LOOP_ANALYSIS = YES;
				CLANG_WARN_STRICT_PROTOTYPES = YES;
				CLANG_WARN_SUSPICIOUS_MOVE = YES;
				CLANG_WARN_UNGUARDED_AVAILABILITY = YES_AGGRESSIVE;
				CLANG_WARN_UNREACHABLE_CODE = YES;
				CLANG_WARN__DUPLICATE_METHOD_MATCH = YES;
				COPY_PHASE_STRIP = NO;
				DEBUG_INFORMATION_FORMAT = "dwarf-with-dsym";
				ENABLE_NS_ASSERTIONS = NO;
				ENABLE_STRICT_OBJC_MSGSEND = YES;
				ENABLE_USER_SCRIPT_SANDBOXING = YES;
				GCC_C_LANGUAGE_STANDARD = gnu17;
				GCC_NO_COMMON_BLOCKS = YES;
				GCC_WARN_64_TO_32_BIT_CONVERSION = YES;
				GCC_WARN_ABOUT_RETURN_TYPE = YES_ERROR;
				GCC_WARN_UNDECLARED_SELECTOR = YES;
				GCC_WARN_UNINITIALIZED_AUTOS = YES_AGGRESSIVE;
				GCC_WARN_UNUSED_FUNCTION = YES;
				GCC_WARN_UNUSED_VARIABLE = YES;
				IPHONEOS_DEPLOYMENT_TARGET = 17.5;
				LOCALIZATION_PREFERS_STRING_CATALOGS = YES;
				MTL_ENABLE_DEBUG_INFO = NO;
				MTL_FAST_MATH = YES;
				SDKROOT = iphoneos;
				SWIFT_COMPILATION_MODE = wholemodule;
				VALIDATE_PRODUCT = YES;
			};
			name = Release;
		};
		3CD6C6632CB729500046BAE0 /* Debug */ = {
			isa = XCBuildConfiguration;
			buildSettings = {
				ASSETCATALOG_COMPILER_APPICON_NAME = AppIcon;
				ASSETCATALOG_COMPILER_GLOBAL_ACCENT_COLOR_NAME = AccentColor;
				CODE_SIGN_STYLE = Automatic;
				CURRENT_PROJECT_VERSION = 1;
				DEVELOPMENT_TEAM = 2582NRYCS7;
				GENERATE_INFOPLIST_FILE = YES;
				INFOPLIST_FILE = HealthTracker/Info.plist;
				INFOPLIST_KEY_NSCameraUsageDescription = "We need access to your camera to scan your meal.";
				INFOPLIST_KEY_NSPhotoLibraryUsageDescription = "We need access to your photo library to analyze your meal photos.";
				INFOPLIST_KEY_UIApplicationSupportsIndirectInputEvents = YES;
				INFOPLIST_KEY_UILaunchStoryboardName = LaunchScreen;
				INFOPLIST_KEY_UIMainStoryboardFile = Main;
				INFOPLIST_KEY_UISupportedInterfaceOrientations_iPad = "UIInterfaceOrientationPortrait UIInterfaceOrientationPortraitUpsideDown UIInterfaceOrientationLandscapeLeft UIInterfaceOrientationLandscapeRight";
				INFOPLIST_KEY_UISupportedInterfaceOrientations_iPhone = "UIInterfaceOrientationPortrait UIInterfaceOrientationLandscapeLeft UIInterfaceOrientationLandscapeRight";
				LD_RUNPATH_SEARCH_PATHS = (
					"$(inherited)",
					"@executable_path/Frameworks",
				);
				MARKETING_VERSION = 1.0;
				PRODUCT_BUNDLE_IDENTIFIER = "com.swara.HealthTracker--";
				PRODUCT_NAME = "$(TARGET_NAME)";
				SWIFT_EMIT_LOC_STRINGS = YES;
				SWIFT_VERSION = 5.0;
				TARGETED_DEVICE_FAMILY = "1,2";
			};
			name = Debug;
		};
		3CD6C6642CB729500046BAE0 /* Release */ = {
			isa = XCBuildConfiguration;
			buildSettings = {
				ASSETCATALOG_COMPILER_APPICON_NAME = AppIcon;
				ASSETCATALOG_COMPILER_GLOBAL_ACCENT_COLOR_NAME = AccentColor;
				CODE_SIGN_STYLE = Automatic;
				CURRENT_PROJECT_VERSION = 1;
				DEVELOPMENT_TEAM = 2582NRYCS7;
				GENERATE_INFOPLIST_FILE = YES;
				INFOPLIST_FILE = HealthTracker/Info.plist;
				INFOPLIST_KEY_NSCameraUsageDescription = "We need access to your camera to scan your meal.";
				INFOPLIST_KEY_NSPhotoLibraryUsageDescription = "We need access to your photo library to analyze your meal photos.";
				INFOPLIST_KEY_UIApplicationSupportsIndirectInputEvents = YES;
				INFOPLIST_KEY_UILaunchStoryboardName = LaunchScreen;
				INFOPLIST_KEY_UIMainStoryboardFile = Main;
				INFOPLIST_KEY_UISupportedInterfaceOrientations_iPad = "UIInterfaceOrientationPortrait UIInterfaceOrientationPortraitUpsideDown UIInterfaceOrientationLandscapeLeft UIInterfaceOrientationLandscapeRight";
				INFOPLIST_KEY_UISupportedInterfaceOrientations_iPhone = "UIInterfaceOrientationPortrait UIInterfaceOrientationLandscapeLeft UIInterfaceOrientationLandscapeRight";
				LD_RUNPATH_SEARCH_PATHS = (
					"$(inherited)",
					"@executable_path/Frameworks",
				);
				MARKETING_VERSION = 1.0;
				PRODUCT_BUNDLE_IDENTIFIER = "com.swara.HealthTracker--";
				PRODUCT_NAME = "$(TARGET_NAME)";
				SWIFT_EMIT_LOC_STRINGS = YES;
				SWIFT_VERSION = 5.0;
				TARGETED_DEVICE_FAMILY = "1,2";
			};
			name = Release;
		};
/* End XCBuildConfiguration section */

/* Begin XCConfigurationList section */
		3CD6C6492CB7294D0046BAE0 /* Build configuration list for PBXProject "HealthTracker" */ = {
			isa = XCConfigurationList;
			buildConfigurations = (
				3CD6C6602CB729500046BAE0 /* Debug */,
				3CD6C6612CB729500046BAE0 /* Release */,
			);
			defaultConfigurationIsVisible = 0;
			defaultConfigurationName = Release;
		};
		3CD6C6622CB729500046BAE0 /* Build configuration list for PBXNativeTarget "HealthTracker" */ = {
			isa = XCConfigurationList;
			buildConfigurations = (
				3CD6C6632CB729500046BAE0 /* Debug */,
				3CD6C6642CB729500046BAE0 /* Release */,
			);
			defaultConfigurationIsVisible = 0;
			defaultConfigurationName = Release;
		};
/* End XCConfigurationList section */
	};
	rootObject = 3CD6C6462CB7294D0046BAE0 /* Project object */;
}
